{
  "nodes": {
    "darwin": {
      "inputs": {
        "nixpkgs": [
          "nixpkgs-unstable"
        ]
      },
      "locked": {
        "lastModified": 1689825754,
        "narHash": "sha256-u3W3WGO3BA63nb+CeNLBajbJ/sl8tDXBHKxxeTOCxfo=",
        "owner": "LnL7",
        "repo": "nix-darwin",
        "rev": "531c3de7eccf95155828e0cd9f18c25e7f937777",
        "type": "github"
      },
      "original": {
        "owner": "LnL7",
        "repo": "nix-darwin",
        "type": "github"
      }
    },
    "flake-compat": {
      "flake": false,
      "locked": {
        "lastModified": 1673956053,
        "narHash": "sha256-4gtG9iQuiKITOjNQQeQIpoIB6b16fm+504Ch3sNKLd8=",
        "owner": "edolstra",
        "repo": "flake-compat",
        "rev": "35bb57c0c8d8b62bbfd284272c928ceb64ddbde9",
        "type": "github"
      },
      "original": {
        "owner": "edolstra",
        "repo": "flake-compat",
        "type": "github"
      }
    },
    "flake-utils": {
      "inputs": {
        "systems": "systems"
      },
      "locked": {
        "lastModified": 1689068808,
        "narHash": "sha256-6ixXo3wt24N/melDWjq70UuHQLxGV8jZvooRanIHXw0=",
        "owner": "numtide",
        "repo": "flake-utils",
        "rev": "919d646de7be200f3bf08cb76ae1f09402b6f9b4",
        "type": "github"
      },
      "original": {
        "owner": "numtide",
        "repo": "flake-utils",
        "type": "github"
      }
    },
    "home-manager": {
      "inputs": {
        "nixpkgs": [
          "nixpkgs-unstable"
        ]
      },
      "locked": {
        "lastModified": 1689802112,
        "narHash": "sha256-Se7oHV/L0dHTQ4xp8MvYafaVdkSzF04Hx5NeloUYHtM=",
        "owner": "nix-community",
        "repo": "home-manager",
        "rev": "0cb3ac57fca6b52c42e4c0f560185540ae1dfb6c",
        "type": "github"
      },
      "original": {
        "owner": "nix-community",
        "repo": "home-manager",
        "type": "github"
      }
    },
    "nixos-stable": {
      "locked": {
        "lastModified": 1689680872,
        "narHash": "sha256-brNix2+ihJSzCiKwLafbyejrHJZUP0Fy6z5+xMOC27M=",
        "owner": "NixOS",
        "repo": "nixpkgs",
        "rev": "08700de174bc6235043cb4263b643b721d936bdb",
        "type": "github"
      },
      "original": {
        "owner": "NixOS",
        "ref": "nixos-23.05",
        "repo": "nixpkgs",
        "type": "github"
      }
    },
    "nixpkgs-master": {
      "locked": {
        "lastModified": 1689866894,
        "narHash": "sha256-Pk18L1OrNAJvLVXQ5jRYz+jIW9nRPedabOAtOlCxvnQ=",
        "owner": "NixOS",
        "repo": "nixpkgs",
        "rev": "4b7ad2c7eab37e3ade26e560a5c01a4b5a4321c3",
        "type": "github"
      },
      "original": {
        "owner": "NixOS",
        "ref": "master",
        "repo": "nixpkgs",
        "type": "github"
      }
    },
    "nixpkgs-stable": {
      "locked": {
        "lastModified": 1689786379,
        "narHash": "sha256-Z4t9R3POzqWTcCfq9wWB297ZcfU7FeWxP6P+kro4m1I=",
        "owner": "NixOS",
        "repo": "nixpkgs",
        "rev": "242a519286787cfcf83b99222cb883360a4b671f",
        "type": "github"
      },
      "original": {
        "owner": "NixOS",
        "ref": "nixpkgs-23.05-darwin",
        "repo": "nixpkgs",
        "type": "github"
      }
    },
    "nixpkgs-unstable": {
      "locked": {
        "lastModified": 1689752456,
        "narHash": "sha256-VOChdECcEI8ixz8QY+YC4JaNEFwQd1V8bA0G4B28Ki0=",
        "owner": "NixOS",
        "repo": "nixpkgs",
        "rev": "7f256d7da238cb627ef189d56ed590739f42f13b",
        "type": "github"
      },
      "original": {
        "owner": "NixOS",
        "ref": "nixpkgs-unstable",
        "repo": "nixpkgs",
        "type": "github"
      }
    },
    "root": {
      "inputs": {
        "darwin": "darwin",
        "flake-compat": "flake-compat",
        "flake-utils": "flake-utils",
        "home-manager": "home-manager",
        "nixos-stable": "nixos-stable",
        "nixpkgs-master": "nixpkgs-master",
        "nixpkgs-stable": "nixpkgs-stable",
        "nixpkgs-unstable": "nixpkgs-unstable"
      }
    },
    "systems": {
      "locked": {
        "lastModified": 1681028828,
        "narHash": "sha256-Vy1rq5AaRuLzOxct8nz4T6wlgyUR7zLU309k9mBC768=",
        "owner": "nix-systems",
        "repo": "default",
        "rev": "da67096a3b9bf56a91d16901293e51ba5b49a27e",
        "type": "github"
      },
      "original": {
        "owner": "nix-systems",
        "repo": "default",
        "type": "github"
      }
    }
  },
  "root": "root",
  "version": 7
}
